
Microsoft Visual Studio Solution File, Format Version 12.00
# Visual Studio Version 17
VisualStudioVersion = 17.4.33213.308
MinimumVisualStudioVersion = 10.0.40219.1
Project("{FAE04EC0-301F-11D3-BF4B-00C04F79EFBC}") = "AirBnB", "AirBnB\AirBnB.csproj", "{0E878B26-1772-41E3-BB25-0ADD021D7959}"
EndProject
Global
	GlobalSection(SolutionConfigurationPlatforms) = preSolution
		Debug|Any CPU = Debug|Any CPU
		Release|Any CPU = Release|Any CPU
	EndGlobalSection
	GlobalSection(ProjectConfigurationPlatforms) = postSolution
		{0E878B26-1772-41E3-BB25-0ADD021D7959}.Debug|Any CPU.ActiveCfg = Debug|Any CPU
		{0E878B26-1772-41E3-BB25-0ADD021D7959}.Debug|Any CPU.Build.0 = Debug|Any CPU
		{0E878B26-1772-41E3-BB25-0ADD021D7959}.Release|Any CPU.ActiveCfg = Release|Any CPU
		{0E878B26-1772-41E3-BB25-0ADD021D7959}.Release|Any CPU.Build.0 = Release|Any CPU
	EndGlobalSection
	GlobalSection(SolutionProperties) = preSolution
		HideSolutionNode = FALSE
	EndGlobalSection
	GlobalSection(ExtensibilityGlobals) = postSolution
		SolutionGuid = {67FFEB4B-0FAD-478B-81BE-CC8FF0A06884}
	EndGlobalSection
EndGlobal
